
Microsoft Visual Studio Solution File, Format Version 12.00
# Visual Studio Version 17
VisualStudioVersion = 17.14.36202.13
MinimumVisualStudioVersion = 10.0.40219.1
Project("{FAE04EC0-301F-11D3-BF4B-00C04F79EFBC}") = "Library.API", "LibroVault\Library.API.csproj", "{BE6062FF-F1FD-443B-AAAF-13A28146C7E3}"
EndProject
Project("{FAE04EC0-301F-11D3-BF4B-00C04F79EFBC}") = "Library.Tests", "Library.Tests\Library.Tests.csproj", "{12C70A23-522D-47DA-B855-CA6F2983A3A0}"
EndProject
Global
	GlobalSection(SolutionConfigurationPlatforms) = preSolution
		Debug|Any CPU = Debug|Any CPU
		Release|Any CPU = Release|Any CPU
	EndGlobalSection
	GlobalSection(ProjectConfigurationPlatforms) = postSolution
		{BE6062FF-F1FD-443B-AAAF-13A28146C7E3}.Debug|Any CPU.ActiveCfg = Debug|Any CPU
		{BE6062FF-F1FD-443B-AAAF-13A28146C7E3}.Debug|Any CPU.Build.0 = Debug|Any CPU
		{BE6062FF-F1FD-443B-AAAF-13A28146C7E3}.Release|Any CPU.ActiveCfg = Release|Any CPU
		{BE6062FF-F1FD-443B-AAAF-13A28146C7E3}.Release|Any CPU.Build.0 = Release|Any CPU
		{12C70A23-522D-47DA-B855-CA6F2983A3A0}.Debug|Any CPU.ActiveCfg = Debug|Any CPU
		{12C70A23-522D-47DA-B855-CA6F2983A3A0}.Debug|Any CPU.Build.0 = Debug|Any CPU
		{12C70A23-522D-47DA-B855-CA6F2983A3A0}.Release|Any CPU.ActiveCfg = Release|Any CPU
		{12C70A23-522D-47DA-B855-CA6F2983A3A0}.Release|Any CPU.Build.0 = Release|Any CPU
	EndGlobalSection
	GlobalSection(SolutionProperties) = preSolution
		HideSolutionNode = FALSE
	EndGlobalSection
	GlobalSection(ExtensibilityGlobals) = postSolution
		SolutionGuid = {1308E544-F95D-4096-8E84-40F31C34276B}
	EndGlobalSection
EndGlobal
